
Microsoft Visual Studio Solution File, Format Version 12.00
# Visual Studio Version 17
VisualStudioVersion = 17.4.33205.214
MinimumVisualStudioVersion = 10.0.40219.1
Project("{9A19103F-16F7-4668-BE54-9A1E7A4F7556}") = "Ajuna.SAGE.Core.Test", "Ajuna.SAGE.Core.Test\Ajuna.SAGE.Core.Test.csproj", "{D9C11132-F7DA-476A-87B5-36C34E3C6435}"
EndProject
Project("{FAE04EC0-301F-11D3-BF4B-00C04F79EFBC}") = "Ajuna.SAGE.Core", "Ajuna.SAGE.Core\Ajuna.SAGE.Core.csproj", "{C310DC92-BC4B-4FE9-9317-7792EB2E42E0}"
EndProject
Project("{FAE04EC0-301F-11D3-BF4B-00C04F79EFBC}") = "Ajuna.SAGE.Generic", "Ajuna.SAGE.Generic\Ajuna.SAGE.Generic.csproj", "{A61B441A-0A02-4744-BBA7-E6BE0B921E6E}"
EndProject
Global
	GlobalSection(SolutionConfigurationPlatforms) = preSolution
		Debug|Any CPU = Debug|Any CPU
		Release|Any CPU = Release|Any CPU
	EndGlobalSection
	GlobalSection(ProjectConfigurationPlatforms) = postSolution
		{D9C11132-F7DA-476A-87B5-36C34E3C6435}.Debug|Any CPU.ActiveCfg = Debug|Any CPU
		{D9C11132-F7DA-476A-87B5-36C34E3C6435}.Debug|Any CPU.Build.0 = Debug|Any CPU
		{D9C11132-F7DA-476A-87B5-36C34E3C6435}.Release|Any CPU.ActiveCfg = Release|Any CPU
		{D9C11132-F7DA-476A-87B5-36C34E3C6435}.Release|Any CPU.Build.0 = Release|Any CPU
		{C310DC92-BC4B-4FE9-9317-7792EB2E42E0}.Debug|Any CPU.ActiveCfg = Debug|Any CPU
		{C310DC92-BC4B-4FE9-9317-7792EB2E42E0}.Debug|Any CPU.Build.0 = Debug|Any CPU
		{C310DC92-BC4B-4FE9-9317-7792EB2E42E0}.Release|Any CPU.ActiveCfg = Release|Any CPU
		{C310DC92-BC4B-4FE9-9317-7792EB2E42E0}.Release|Any CPU.Build.0 = Release|Any CPU
		{A61B441A-0A02-4744-BBA7-E6BE0B921E6E}.Debug|Any CPU.ActiveCfg = Debug|Any CPU
		{A61B441A-0A02-4744-BBA7-E6BE0B921E6E}.Debug|Any CPU.Build.0 = Debug|Any CPU
		{A61B441A-0A02-4744-BBA7-E6BE0B921E6E}.Release|Any CPU.ActiveCfg = Release|Any CPU
		{A61B441A-0A02-4744-BBA7-E6BE0B921E6E}.Release|Any CPU.Build.0 = Release|Any CPU
	EndGlobalSection
	GlobalSection(SolutionProperties) = preSolution
		HideSolutionNode = FALSE
	EndGlobalSection
	GlobalSection(ExtensibilityGlobals) = postSolution
		SolutionGuid = {3714ECB0-2825-4D86-930B-B4D5F4299A09}
	EndGlobalSection
EndGlobal
